
Microsoft Visual Studio Solution File, Format Version 12.00
# Visual Studio Version 17
VisualStudioVersion = 17.4.33205.214
MinimumVisualStudioVersion = 10.0.40219.1
Project("{FAE04EC0-301F-11D3-BF4B-00C04F79EFBC}") = "WindowAppTestCICD", "WindowAppTestCICD\WindowAppTestCICD.csproj", "{A3AFD19E-2055-4DB6-8CAE-098EB5308147}"
EndProject
Global
	GlobalSection(SolutionConfigurationPlatforms) = preSolution
		Debug|Any CPU = Debug|Any CPU
		Release|Any CPU = Release|Any CPU
	EndGlobalSection
	GlobalSection(ProjectConfigurationPlatforms) = postSolution
		{A3AFD19E-2055-4DB6-8CAE-098EB5308147}.Debug|Any CPU.ActiveCfg = Debug|Any CPU
		{A3AFD19E-2055-4DB6-8CAE-098EB5308147}.Debug|Any CPU.Build.0 = Debug|Any CPU
		{A3AFD19E-2055-4DB6-8CAE-098EB5308147}.Release|Any CPU.ActiveCfg = Release|Any CPU
		{A3AFD19E-2055-4DB6-8CAE-098EB5308147}.Release|Any CPU.Build.0 = Release|Any CPU
	EndGlobalSection
	GlobalSection(SolutionProperties) = preSolution
		HideSolutionNode = FALSE
	EndGlobalSection
	GlobalSection(ExtensibilityGlobals) = postSolution
		SolutionGuid = {7F9B3139-7BD7-42B8-B8BB-472CC950855A}
	EndGlobalSection
EndGlobal
